
Microsoft Visual Studio Solution File, Format Version 12.00
# Visual Studio 15
VisualStudioVersion = 15.0.26124.0
MinimumVisualStudioVersion = 15.0.26124.0
Project("{FAE04EC0-301F-11D3-BF4B-00C04F79EFBC}") = "API", "API\API.csproj", "{FE484993-8EFA-4045-8950-2AFF5F097BCD}"
EndProject
Global
	GlobalSection(SolutionConfigurationPlatforms) = preSolution
		Debug|Any CPU = Debug|Any CPU
		Debug|x64 = Debug|x64
		Debug|x86 = Debug|x86
		Release|Any CPU = Release|Any CPU
		Release|x64 = Release|x64
		Release|x86 = Release|x86
	EndGlobalSection
	GlobalSection(SolutionProperties) = preSolution
		HideSolutionNode = FALSE
	EndGlobalSection
	GlobalSection(ProjectConfigurationPlatforms) = postSolution
		{FE484993-8EFA-4045-8950-2AFF5F097BCD}.Debug|Any CPU.ActiveCfg = Debug|Any CPU
		{FE484993-8EFA-4045-8950-2AFF5F097BCD}.Debug|Any CPU.Build.0 = Debug|Any CPU
		{FE484993-8EFA-4045-8950-2AFF5F097BCD}.Debug|x64.ActiveCfg = Debug|Any CPU
		{FE484993-8EFA-4045-8950-2AFF5F097BCD}.Debug|x64.Build.0 = Debug|Any CPU
		{FE484993-8EFA-4045-8950-2AFF5F097BCD}.Debug|x86.ActiveCfg = Debug|Any CPU
		{FE484993-8EFA-4045-8950-2AFF5F097BCD}.Debug|x86.Build.0 = Debug|Any CPU
		{FE484993-8EFA-4045-8950-2AFF5F097BCD}.Release|Any CPU.ActiveCfg = Release|Any CPU
		{FE484993-8EFA-4045-8950-2AFF5F097BCD}.Release|Any CPU.Build.0 = Release|Any CPU
		{FE484993-8EFA-4045-8950-2AFF5F097BCD}.Release|x64.ActiveCfg = Release|Any CPU
		{FE484993-8EFA-4045-8950-2AFF5F097BCD}.Release|x64.Build.0 = Release|Any CPU
		{FE484993-8EFA-4045-8950-2AFF5F097BCD}.Release|x86.ActiveCfg = Release|Any CPU
		{FE484993-8EFA-4045-8950-2AFF5F097BCD}.Release|x86.Build.0 = Release|Any CPU
	EndGlobalSection
EndGlobal
